
Microsoft Visual Studio Solution File, Format Version 12.00
# Visual Studio Version 17
VisualStudioVersion = 17.0.32112.339
MinimumVisualStudioVersion = 10.0.40219.1
Project("{FAE04EC0-301F-11D3-BF4B-00C04F79EFBC}") = "Fun-Desktop-Api", "Fun-Desktop-Api.csproj", "{8B75CEF7-8355-427F-A49C-1D1325C4F4F9}"
EndProject
Global
	GlobalSection(SolutionConfigurationPlatforms) = preSolution
		Debug|Any CPU = Debug|Any CPU
		Release|Any CPU = Release|Any CPU
	EndGlobalSection
	GlobalSection(ProjectConfigurationPlatforms) = postSolution
		{8B75CEF7-8355-427F-A49C-1D1325C4F4F9}.Debug|Any CPU.ActiveCfg = Debug|Any CPU
		{8B75CEF7-8355-427F-A49C-1D1325C4F4F9}.Debug|Any CPU.Build.0 = Debug|Any CPU
		{8B75CEF7-8355-427F-A49C-1D1325C4F4F9}.Release|Any CPU.ActiveCfg = Release|Any CPU
		{8B75CEF7-8355-427F-A49C-1D1325C4F4F9}.Release|Any CPU.Build.0 = Release|Any CPU
	EndGlobalSection
	GlobalSection(SolutionProperties) = preSolution
		HideSolutionNode = FALSE
	EndGlobalSection
	GlobalSection(ExtensibilityGlobals) = postSolution
		SolutionGuid = {A67867DD-CBFC-410C-AAF5-5A07C4D86760}
	EndGlobalSection
EndGlobal
